
Microsoft Visual Studio Solution File, Format Version 12.00
# Visual Studio Version 17
VisualStudioVersion = 17.4.33205.214
MinimumVisualStudioVersion = 10.0.40219.1
Project("{FAE04EC0-301F-11D3-BF4B-00C04F79EFBC}") = "c135api", "c135api\c135api.csproj", "{09A8BA3A-757D-4592-BD17-3D486B62A5C2}"
EndProject
Global
	GlobalSection(SolutionConfigurationPlatforms) = preSolution
		Debug|Any CPU = Debug|Any CPU
		Release|Any CPU = Release|Any CPU
	EndGlobalSection
	GlobalSection(ProjectConfigurationPlatforms) = postSolution
		{09A8BA3A-757D-4592-BD17-3D486B62A5C2}.Debug|Any CPU.ActiveCfg = Debug|Any CPU
		{09A8BA3A-757D-4592-BD17-3D486B62A5C2}.Debug|Any CPU.Build.0 = Debug|Any CPU
		{09A8BA3A-757D-4592-BD17-3D486B62A5C2}.Release|Any CPU.ActiveCfg = Release|Any CPU
		{09A8BA3A-757D-4592-BD17-3D486B62A5C2}.Release|Any CPU.Build.0 = Release|Any CPU
	EndGlobalSection
	GlobalSection(SolutionProperties) = preSolution
		HideSolutionNode = FALSE
	EndGlobalSection
	GlobalSection(ExtensibilityGlobals) = postSolution
		SolutionGuid = {AD629BF4-CDD5-4563-AA1D-372D2271652E}
	EndGlobalSection
EndGlobal
